
Microsoft Visual Studio Solution File, Format Version 12.00
# Visual Studio Version 16
VisualStudioVersion = 16.0.33027.164
MinimumVisualStudioVersion = 10.0.40219.1
Project("{FAE04EC0-301F-11D3-BF4B-00C04F79EFBC}") = "Practica-4_N4", "Practica-4_N4\Practica-4_N4.csproj", "{D5262F81-91A0-498E-9A63-21503F0CBDBE}"
EndProject
Project("{FAE04EC0-301F-11D3-BF4B-00C04F79EFBC}") = "Practica_4_N5", "Practica_4_N5\Practica_4_N5.csproj", "{17919A3C-8237-4696-9C89-FFFF320DD063}"
EndProject
Project("{FAE04EC0-301F-11D3-BF4B-00C04F79EFBC}") = "Practica_4_N6", "Practica_4_N6\Practica_4_N6.csproj", "{EA8D5354-67EA-45EA-9EBF-2695C72872EE}"
EndProject
Global
	GlobalSection(SolutionConfigurationPlatforms) = preSolution
		Debug|Any CPU = Debug|Any CPU
		Release|Any CPU = Release|Any CPU
	EndGlobalSection
	GlobalSection(ProjectConfigurationPlatforms) = postSolution
		{D5262F81-91A0-498E-9A63-21503F0CBDBE}.Debug|Any CPU.ActiveCfg = Debug|Any CPU
		{D5262F81-91A0-498E-9A63-21503F0CBDBE}.Debug|Any CPU.Build.0 = Debug|Any CPU
		{D5262F81-91A0-498E-9A63-21503F0CBDBE}.Release|Any CPU.ActiveCfg = Release|Any CPU
		{D5262F81-91A0-498E-9A63-21503F0CBDBE}.Release|Any CPU.Build.0 = Release|Any CPU
		{17919A3C-8237-4696-9C89-FFFF320DD063}.Debug|Any CPU.ActiveCfg = Debug|Any CPU
		{17919A3C-8237-4696-9C89-FFFF320DD063}.Debug|Any CPU.Build.0 = Debug|Any CPU
		{17919A3C-8237-4696-9C89-FFFF320DD063}.Release|Any CPU.ActiveCfg = Release|Any CPU
		{17919A3C-8237-4696-9C89-FFFF320DD063}.Release|Any CPU.Build.0 = Release|Any CPU
		{EA8D5354-67EA-45EA-9EBF-2695C72872EE}.Debug|Any CPU.ActiveCfg = Debug|Any CPU
		{EA8D5354-67EA-45EA-9EBF-2695C72872EE}.Debug|Any CPU.Build.0 = Debug|Any CPU
		{EA8D5354-67EA-45EA-9EBF-2695C72872EE}.Release|Any CPU.ActiveCfg = Release|Any CPU
		{EA8D5354-67EA-45EA-9EBF-2695C72872EE}.Release|Any CPU.Build.0 = Release|Any CPU
	EndGlobalSection
	GlobalSection(SolutionProperties) = preSolution
		HideSolutionNode = FALSE
	EndGlobalSection
	GlobalSection(ExtensibilityGlobals) = postSolution
		SolutionGuid = {F5BB3086-6BF7-42F7-88B2-89D6EB0C13A2}
	EndGlobalSection
EndGlobal
